{
  "requires": true,
  "lockfileVersion": 1,
  "dependencies": {
    "sonar-scanner": {
      "version": "3.1.0",
      "resolved": "https://registry.npmjs.org/sonar-scanner/-/sonar-scanner-3.1.0.tgz",
      "integrity": "sha1-UcHBEB9UuYq8XYVlIJsdkjKXk0M="
    },
    "vnu-jar": {
      "version": "20.3.16",
      "resolved": "https://registry.npmjs.org/vnu-jar/-/vnu-jar-20.3.16.tgz",
      "integrity": "sha512-CHlvP4lilQvgjSRDsiB7i0lN0gnkq6zv3sN/71FYVgOQ/nYLXFfUhGIVeGskm9W1C0+UralU1XQnbsjJr2ijaw=="
    }
  }
}
